Microsoft Visual Studio Solution File, Format Version 12.00
# Visual Studio Version 17
VisualStudioVersion = 17.5.2.0
MinimumVisualStudioVersion = 10.0.40219.1
Project("{FAE04EC0-301F-11D3-BF4B-00C04F79EFBC}") = "GhadsBot", "GhadsBot.csproj", "{C51040E9-8798-22A1-1127-59BFC42A2769}"
EndProject
Project("{FAE04EC0-301F-11D3-BF4B-00C04F79EFBC}") = "GhadsBotWebApp", "..\GhadsBotWebApp\GhadsBotWebApp.csproj", "{E17181F0-ACF8-40C3-8889-91AAFE875F14}"
EndProject
Global
	GlobalSection(SolutionConfigurationPlatforms) = preSolution
		Debug|Any CPU = Debug|Any CPU
		Release|Any CPU = Release|Any CPU
	EndGlobalSection
	GlobalSection(ProjectConfigurationPlatforms) = postSolution
		{C51040E9-8798-22A1-1127-59BFC42A2769}.Debug|Any CPU.ActiveCfg = Debug|Any CPU
		{C51040E9-8798-22A1-1127-59BFC42A2769}.Debug|Any CPU.Build.0 = Debug|Any CPU
		{C51040E9-8798-22A1-1127-59BFC42A2769}.Release|Any CPU.ActiveCfg = Release|Any CPU
		{C51040E9-8798-22A1-1127-59BFC42A2769}.Release|Any CPU.Build.0 = Release|Any CPU
		{E17181F0-ACF8-40C3-8889-91AAFE875F14}.Debug|Any CPU.ActiveCfg = Debug|Any CPU
		{E17181F0-ACF8-40C3-8889-91AAFE875F14}.Debug|Any CPU.Build.0 = Debug|Any CPU
		{E17181F0-ACF8-40C3-8889-91AAFE875F14}.Release|Any CPU.ActiveCfg = Release|Any CPU
		{E17181F0-ACF8-40C3-8889-91AAFE875F14}.Release|Any CPU.Build.0 = Release|Any CPU
	EndGlobalSection
	GlobalSection(SolutionProperties) = preSolution
		HideSolutionNode = FALSE
	EndGlobalSection
	GlobalSection(ExtensibilityGlobals) = postSolution
		SolutionGuid = {18BF7066-0DF9-481C-BD65-E9DF663AC251}
	EndGlobalSection
EndGlobal
